
Microsoft Visual Studio Solution File, Format Version 12.00
# Visual Studio Version 17
VisualStudioVersion = 17.3.32819.101
MinimumVisualStudioVersion = 10.0.40219.1
Project("{FAE04EC0-301F-11D3-BF4B-00C04F79EFBC}") = "EnglishBattle", "EnglishBattle\EnglishBattle.csproj", "{42D8C67D-AD45-4219-BC24-F005C155F21A}"
EndProject
Project("{FAE04EC0-301F-11D3-BF4B-00C04F79EFBC}") = "EnglishBattle.Data", "EnglishBattle.Data\EnglishBattle.Data.csproj", "{AA933760-902B-492B-8EF7-678CC19B9749}"
EndProject
Global
	GlobalSection(SolutionConfigurationPlatforms) = preSolution
		Debug|Any CPU = Debug|Any CPU
		Release|Any CPU = Release|Any CPU
	EndGlobalSection
	GlobalSection(ProjectConfigurationPlatforms) = postSolution
		{42D8C67D-AD45-4219-BC24-F005C155F21A}.Debug|Any CPU.ActiveCfg = Debug|Any CPU
		{42D8C67D-AD45-4219-BC24-F005C155F21A}.Debug|Any CPU.Build.0 = Debug|Any CPU
		{42D8C67D-AD45-4219-BC24-F005C155F21A}.Release|Any CPU.ActiveCfg = Release|Any CPU
		{42D8C67D-AD45-4219-BC24-F005C155F21A}.Release|Any CPU.Build.0 = Release|Any CPU
		{AA933760-902B-492B-8EF7-678CC19B9749}.Debug|Any CPU.ActiveCfg = Debug|Any CPU
		{AA933760-902B-492B-8EF7-678CC19B9749}.Debug|Any CPU.Build.0 = Debug|Any CPU
		{AA933760-902B-492B-8EF7-678CC19B9749}.Release|Any CPU.ActiveCfg = Release|Any CPU
		{AA933760-902B-492B-8EF7-678CC19B9749}.Release|Any CPU.Build.0 = Release|Any CPU
	EndGlobalSection
	GlobalSection(SolutionProperties) = preSolution
		HideSolutionNode = FALSE
	EndGlobalSection
	GlobalSection(ExtensibilityGlobals) = postSolution
		SolutionGuid = {569097D3-DF39-4728-B60B-3845B3FC4AAE}
	EndGlobalSection
EndGlobal
